
Microsoft Visual Studio Solution File, Format Version 12.00
# Visual Studio Version 17
VisualStudioVersion = 17.11.35303.130
MinimumVisualStudioVersion = 10.0.40219.1
Project("{FAE04EC0-301F-11D3-BF4B-00C04F79EFBC}") = "QuanLiKhachSan", "QuanLiKhachSan\QuanLiKhachSan.csproj", "{1C234B68-E102-4B92-9BF6-0A77114CD04F}"
EndProject
Global
	GlobalSection(SolutionConfigurationPlatforms) = preSolution
		Debug|Any CPU = Debug|Any CPU
		Release|Any CPU = Release|Any CPU
	EndGlobalSection
	GlobalSection(ProjectConfigurationPlatforms) = postSolution
		{1C234B68-E102-4B92-9BF6-0A77114CD04F}.Debug|Any CPU.ActiveCfg = Debug|Any CPU
		{1C234B68-E102-4B92-9BF6-0A77114CD04F}.Debug|Any CPU.Build.0 = Debug|Any CPU
		{1C234B68-E102-4B92-9BF6-0A77114CD04F}.Release|Any CPU.ActiveCfg = Release|Any CPU
		{1C234B68-E102-4B92-9BF6-0A77114CD04F}.Release|Any CPU.Build.0 = Release|Any CPU
	EndGlobalSection
	GlobalSection(SolutionProperties) = preSolution
		HideSolutionNode = FALSE
	EndGlobalSection
	GlobalSection(ExtensibilityGlobals) = postSolution
		SolutionGuid = {BDEA2DEC-217A-433D-ABAC-D06EE67DB5D0}
	EndGlobalSection
EndGlobal
